
Microsoft Visual Studio Solution File, Format Version 12.00
# Visual Studio 15
VisualStudioVersion = 15.0.26124.0
MinimumVisualStudioVersion = 15.0.26124.0
Project("{FAE04EC0-301F-11D3-BF4B-00C04F79EFBC}") = "MJD.DAL", "MJD.DAL\MJD.DAL.csproj", "{FC484C9F-8CFF-47C0-AEA5-996B7C5B6A44}"
EndProject
Project("{FAE04EC0-301F-11D3-BF4B-00C04F79EFBC}") = "MJD.COMMON", "MJD.COMMON\MJD.COMMON.csproj", "{ED4E0B4B-4812-45D6-AC9A-0DF9E6EA7061}"
EndProject
Project("{FAE04EC0-301F-11D3-BF4B-00C04F79EFBC}") = "MJD.TEST", "MJD.TEST\MJD.TEST.csproj", "{304AD384-943C-4EB5-994C-DC78D46B76F4}"
EndProject
Project("{FAE04EC0-301F-11D3-BF4B-00C04F79EFBC}") = "MJD.WEBAPI", "MJD.WEBAPI\MJD.WEBAPI.csproj", "{A80A6715-DDCB-4262-9463-059DA1310FEE}"
EndProject
Project("{FAE04EC0-301F-11D3-BF4B-00C04F79EFBC}") = "MJD.MODEL", "MJD.MODEL\MJD.MODEL.csproj", "{2B03D2B6-9E49-46DB-9867-21EEBE0AC514}"
EndProject
Global
	GlobalSection(SolutionConfigurationPlatforms) = preSolution
		Debug|Any CPU = Debug|Any CPU
		Debug|x64 = Debug|x64
		Debug|x86 = Debug|x86
		Release|Any CPU = Release|Any CPU
		Release|x64 = Release|x64
		Release|x86 = Release|x86
	EndGlobalSection
	GlobalSection(SolutionProperties) = preSolution
		HideSolutionNode = FALSE
	EndGlobalSection
	GlobalSection(ProjectConfigurationPlatforms) = postSolution
		{FC484C9F-8CFF-47C0-AEA5-996B7C5B6A44}.Debug|Any CPU.ActiveCfg = Debug|Any CPU
		{FC484C9F-8CFF-47C0-AEA5-996B7C5B6A44}.Debug|Any CPU.Build.0 = Debug|Any CPU
		{FC484C9F-8CFF-47C0-AEA5-996B7C5B6A44}.Debug|x64.ActiveCfg = Debug|x64
		{FC484C9F-8CFF-47C0-AEA5-996B7C5B6A44}.Debug|x64.Build.0 = Debug|x64
		{FC484C9F-8CFF-47C0-AEA5-996B7C5B6A44}.Debug|x86.ActiveCfg = Debug|x86
		{FC484C9F-8CFF-47C0-AEA5-996B7C5B6A44}.Debug|x86.Build.0 = Debug|x86
		{FC484C9F-8CFF-47C0-AEA5-996B7C5B6A44}.Release|Any CPU.ActiveCfg = Release|Any CPU
		{FC484C9F-8CFF-47C0-AEA5-996B7C5B6A44}.Release|Any CPU.Build.0 = Release|Any CPU
		{FC484C9F-8CFF-47C0-AEA5-996B7C5B6A44}.Release|x64.ActiveCfg = Release|x64
		{FC484C9F-8CFF-47C0-AEA5-996B7C5B6A44}.Release|x64.Build.0 = Release|x64
		{FC484C9F-8CFF-47C0-AEA5-996B7C5B6A44}.Release|x86.ActiveCfg = Release|x86
		{FC484C9F-8CFF-47C0-AEA5-996B7C5B6A44}.Release|x86.Build.0 = Release|x86
		{ED4E0B4B-4812-45D6-AC9A-0DF9E6EA7061}.Debug|Any CPU.ActiveCfg = Debug|Any CPU
		{ED4E0B4B-4812-45D6-AC9A-0DF9E6EA7061}.Debug|Any CPU.Build.0 = Debug|Any CPU
		{ED4E0B4B-4812-45D6-AC9A-0DF9E6EA7061}.Debug|x64.ActiveCfg = Debug|x64
		{ED4E0B4B-4812-45D6-AC9A-0DF9E6EA7061}.Debug|x64.Build.0 = Debug|x64
		{ED4E0B4B-4812-45D6-AC9A-0DF9E6EA7061}.Debug|x86.ActiveCfg = Debug|x86
		{ED4E0B4B-4812-45D6-AC9A-0DF9E6EA7061}.Debug|x86.Build.0 = Debug|x86
		{ED4E0B4B-4812-45D6-AC9A-0DF9E6EA7061}.Release|Any CPU.ActiveCfg = Release|Any CPU
		{ED4E0B4B-4812-45D6-AC9A-0DF9E6EA7061}.Release|Any CPU.Build.0 = Release|Any CPU
		{ED4E0B4B-4812-45D6-AC9A-0DF9E6EA7061}.Release|x64.ActiveCfg = Release|x64
		{ED4E0B4B-4812-45D6-AC9A-0DF9E6EA7061}.Release|x64.Build.0 = Release|x64
		{ED4E0B4B-4812-45D6-AC9A-0DF9E6EA7061}.Release|x86.ActiveCfg = Release|x86
		{ED4E0B4B-4812-45D6-AC9A-0DF9E6EA7061}.Release|x86.Build.0 = Release|x86
		{304AD384-943C-4EB5-994C-DC78D46B76F4}.Debug|Any CPU.ActiveCfg = Debug|Any CPU
		{304AD384-943C-4EB5-994C-DC78D46B76F4}.Debug|Any CPU.Build.0 = Debug|Any CPU
		{304AD384-943C-4EB5-994C-DC78D46B76F4}.Debug|x64.ActiveCfg = Debug|x64
		{304AD384-943C-4EB5-994C-DC78D46B76F4}.Debug|x64.Build.0 = Debug|x64
		{304AD384-943C-4EB5-994C-DC78D46B76F4}.Debug|x86.ActiveCfg = Debug|x86
		{304AD384-943C-4EB5-994C-DC78D46B76F4}.Debug|x86.Build.0 = Debug|x86
		{304AD384-943C-4EB5-994C-DC78D46B76F4}.Release|Any CPU.ActiveCfg = Release|Any CPU
		{304AD384-943C-4EB5-994C-DC78D46B76F4}.Release|Any CPU.Build.0 = Release|Any CPU
		{304AD384-943C-4EB5-994C-DC78D46B76F4}.Release|x64.ActiveCfg = Release|x64
		{304AD384-943C-4EB5-994C-DC78D46B76F4}.Release|x64.Build.0 = Release|x64
		{304AD384-943C-4EB5-994C-DC78D46B76F4}.Release|x86.ActiveCfg = Release|x86
		{304AD384-943C-4EB5-994C-DC78D46B76F4}.Release|x86.Build.0 = Release|x86
		{A80A6715-DDCB-4262-9463-059DA1310FEE}.Debug|Any CPU.ActiveCfg = Debug|Any CPU
		{A80A6715-DDCB-4262-9463-059DA1310FEE}.Debug|Any CPU.Build.0 = Debug|Any CPU
		{A80A6715-DDCB-4262-9463-059DA1310FEE}.Debug|x64.ActiveCfg = Debug|x64
		{A80A6715-DDCB-4262-9463-059DA1310FEE}.Debug|x64.Build.0 = Debug|x64
		{A80A6715-DDCB-4262-9463-059DA1310FEE}.Debug|x86.ActiveCfg = Debug|x86
		{A80A6715-DDCB-4262-9463-059DA1310FEE}.Debug|x86.Build.0 = Debug|x86
		{A80A6715-DDCB-4262-9463-059DA1310FEE}.Release|Any CPU.ActiveCfg = Release|Any CPU
		{A80A6715-DDCB-4262-9463-059DA1310FEE}.Release|Any CPU.Build.0 = Release|Any CPU
		{A80A6715-DDCB-4262-9463-059DA1310FEE}.Release|x64.ActiveCfg = Release|x64
		{A80A6715-DDCB-4262-9463-059DA1310FEE}.Release|x64.Build.0 = Release|x64
		{A80A6715-DDCB-4262-9463-059DA1310FEE}.Release|x86.ActiveCfg = Release|x86
		{A80A6715-DDCB-4262-9463-059DA1310FEE}.Release|x86.Build.0 = Release|x86
		{2B03D2B6-9E49-46DB-9867-21EEBE0AC514}.Debug|Any CPU.ActiveCfg = Debug|Any CPU
		{2B03D2B6-9E49-46DB-9867-21EEBE0AC514}.Debug|Any CPU.Build.0 = Debug|Any CPU
		{2B03D2B6-9E49-46DB-9867-21EEBE0AC514}.Debug|x64.ActiveCfg = Debug|x64
		{2B03D2B6-9E49-46DB-9867-21EEBE0AC514}.Debug|x64.Build.0 = Debug|x64
		{2B03D2B6-9E49-46DB-9867-21EEBE0AC514}.Debug|x86.ActiveCfg = Debug|x86
		{2B03D2B6-9E49-46DB-9867-21EEBE0AC514}.Debug|x86.Build.0 = Debug|x86
		{2B03D2B6-9E49-46DB-9867-21EEBE0AC514}.Release|Any CPU.ActiveCfg = Release|Any CPU
		{2B03D2B6-9E49-46DB-9867-21EEBE0AC514}.Release|Any CPU.Build.0 = Release|Any CPU
		{2B03D2B6-9E49-46DB-9867-21EEBE0AC514}.Release|x64.ActiveCfg = Release|x64
		{2B03D2B6-9E49-46DB-9867-21EEBE0AC514}.Release|x64.Build.0 = Release|x64
		{2B03D2B6-9E49-46DB-9867-21EEBE0AC514}.Release|x86.ActiveCfg = Release|x86
		{2B03D2B6-9E49-46DB-9867-21EEBE0AC514}.Release|x86.Build.0 = Release|x86
	EndGlobalSection
EndGlobal
